
Microsoft Visual Studio Solution File, Format Version 12.00
# Visual Studio Version 17
VisualStudioVersion = 17.10.34928.147
MinimumVisualStudioVersion = 10.0.40219.1
Project("{2150E333-8FDC-42A3-9474-1A3956D46DE8}") = "10.Transversal", "10.Transversal", "{B6095A5E-3FBF-41F4-B9DE-A3DEDA6CFA8E}"
EndProject
Project("{2150E333-8FDC-42A3-9474-1A3956D46DE8}") = "20.Dominio", "20.Dominio", "{9A37733D-1376-4275-90B1-3EC65E7044E6}"
EndProject
Project("{2150E333-8FDC-42A3-9474-1A3956D46DE8}") = "30.Infraestructura", "30.Infraestructura", "{D3FE8D87-71CD-4527-8D80-5F11310ABF4C}"
EndProject
Project("{2150E333-8FDC-42A3-9474-1A3956D46DE8}") = "40.Aplicacion", "40.Aplicacion", "{DAABC6A0-D0A5-4719-A8AC-1920803C3DB5}"
EndProject
Project("{2150E333-8FDC-42A3-9474-1A3956D46DE8}") = "50.Servicio", "50.Servicio", "{062B0B99-FD81-4752-85C7-E6B0CE94D9B3}"
EndProject
Project("{9A19103F-16F7-4668-BE54-9A1E7A4F7556}") = "API.SEG.Transversal.Common", "API.SEG.Transversal.Common\API.SEG.Transversal.Common.csproj", "{3DB305FB-0818-4FF1-8550-741348459C8F}"
EndProject
Project("{9A19103F-16F7-4668-BE54-9A1E7A4F7556}") = "API.SEG.Transversal.Logging", "API.SEG.Transversal.Logging\API.SEG.Transversal.Logging.csproj", "{CAE25291-E920-4744-A535-BA8B805C0994}"
EndProject
Project("{9A19103F-16F7-4668-BE54-9A1E7A4F7556}") = "API.SEG.Transversal.Mapper", "API.SEG.Transversal.Mapper\API.SEG.Transversal.Mapper.csproj", "{DA309EB9-B86E-4CF3-A7BD-11FB09C806EE}"
EndProject
Project("{9A19103F-16F7-4668-BE54-9A1E7A4F7556}") = "API.SEG.Transversal.Util", "API.SEG.Transversal.Util\API.SEG.Transversal.Util.csproj", "{B86298BD-519C-4A6C-BB2E-6F4BC4E34F78}"
EndProject
Project("{9A19103F-16F7-4668-BE54-9A1E7A4F7556}") = "API.SEG.Domain", "API.SEG.Domain\API.SEG.Domain.csproj", "{790E8F5D-1731-470E-A348-091C73EBB8D8}"
EndProject
Project("{9A19103F-16F7-4668-BE54-9A1E7A4F7556}") = "API.SEG.Infraestructure", "API.SEG.Infraestructure\API.SEG.Infraestructure.csproj", "{2BE8B1DB-ABE3-40F3-92F6-30A8C1BD8191}"
EndProject
Project("{9A19103F-16F7-4668-BE54-9A1E7A4F7556}") = "API.SEG.Aplicacion.Dto", "API.SEG.Aplicacion.Dto\API.SEG.Aplicacion.Dto.csproj", "{F462B2A6-6F2A-4555-AAA2-536749DA082B}"
EndProject
Project("{9A19103F-16F7-4668-BE54-9A1E7A4F7556}") = "API.SEG.Aplicacion.Features", "API.SEG.Aplicacion.Features\API.SEG.Aplicacion.Features.csproj", "{2C3932C8-4663-4A56-A743-7F453A240646}"
EndProject
Project("{9A19103F-16F7-4668-BE54-9A1E7A4F7556}") = "API.SEG.Aplicacion.Interface", "API.SEG.Aplicacion.Interface\API.SEG.Aplicacion.Interface.csproj", "{EE136F63-A2D4-4C92-8499-4B18FACD480F}"
EndProject
Project("{9A19103F-16F7-4668-BE54-9A1E7A4F7556}") = "API.SEG.Aplicacion.Validator", "API.SEG.Aplicacion.Validator\API.SEG.Aplicacion.Validator.csproj", "{2ADE8DC1-8F19-402D-84E6-841D588B196F}"
EndProject
Project("{9A19103F-16F7-4668-BE54-9A1E7A4F7556}") = "SEG.WebApi", "SEG.WebApi\SEG.WebApi.csproj", "{F0B8216C-C2CD-4363-B85E-A32768E3E974}"
EndProject
Project("{9A19103F-16F7-4668-BE54-9A1E7A4F7556}") = "API.SEG.Persistence", "API.SEG.Persistence\API.SEG.Persistence.csproj", "{A1127E9B-4249-4BCF-8D90-73AF61621494}"
EndProject
Global
	GlobalSection(SolutionConfigurationPlatforms) = preSolution
		Debug|Any CPU = Debug|Any CPU
		Release|Any CPU = Release|Any CPU
	EndGlobalSection
	GlobalSection(ProjectConfigurationPlatforms) = postSolution
		{3DB305FB-0818-4FF1-8550-741348459C8F}.Debug|Any CPU.ActiveCfg = Debug|Any CPU
		{3DB305FB-0818-4FF1-8550-741348459C8F}.Debug|Any CPU.Build.0 = Debug|Any CPU
		{3DB305FB-0818-4FF1-8550-741348459C8F}.Release|Any CPU.ActiveCfg = Release|Any CPU
		{3DB305FB-0818-4FF1-8550-741348459C8F}.Release|Any CPU.Build.0 = Release|Any CPU
		{CAE25291-E920-4744-A535-BA8B805C0994}.Debug|Any CPU.ActiveCfg = Debug|Any CPU
		{CAE25291-E920-4744-A535-BA8B805C0994}.Debug|Any CPU.Build.0 = Debug|Any CPU
		{CAE25291-E920-4744-A535-BA8B805C0994}.Release|Any CPU.ActiveCfg = Release|Any CPU
		{CAE25291-E920-4744-A535-BA8B805C0994}.Release|Any CPU.Build.0 = Release|Any CPU
		{DA309EB9-B86E-4CF3-A7BD-11FB09C806EE}.Debug|Any CPU.ActiveCfg = Debug|Any CPU
		{DA309EB9-B86E-4CF3-A7BD-11FB09C806EE}.Debug|Any CPU.Build.0 = Debug|Any CPU
		{DA309EB9-B86E-4CF3-A7BD-11FB09C806EE}.Release|Any CPU.ActiveCfg = Release|Any CPU
		{DA309EB9-B86E-4CF3-A7BD-11FB09C806EE}.Release|Any CPU.Build.0 = Release|Any CPU
		{B86298BD-519C-4A6C-BB2E-6F4BC4E34F78}.Debug|Any CPU.ActiveCfg = Debug|Any CPU
		{B86298BD-519C-4A6C-BB2E-6F4BC4E34F78}.Debug|Any CPU.Build.0 = Debug|Any CPU
		{B86298BD-519C-4A6C-BB2E-6F4BC4E34F78}.Release|Any CPU.ActiveCfg = Release|Any CPU
		{B86298BD-519C-4A6C-BB2E-6F4BC4E34F78}.Release|Any CPU.Build.0 = Release|Any CPU
		{790E8F5D-1731-470E-A348-091C73EBB8D8}.Debug|Any CPU.ActiveCfg = Debug|Any CPU
		{790E8F5D-1731-470E-A348-091C73EBB8D8}.Debug|Any CPU.Build.0 = Debug|Any CPU
		{790E8F5D-1731-470E-A348-091C73EBB8D8}.Release|Any CPU.ActiveCfg = Release|Any CPU
		{790E8F5D-1731-470E-A348-091C73EBB8D8}.Release|Any CPU.Build.0 = Release|Any CPU
		{2BE8B1DB-ABE3-40F3-92F6-30A8C1BD8191}.Debug|Any CPU.ActiveCfg = Debug|Any CPU
		{2BE8B1DB-ABE3-40F3-92F6-30A8C1BD8191}.Debug|Any CPU.Build.0 = Debug|Any CPU
		{2BE8B1DB-ABE3-40F3-92F6-30A8C1BD8191}.Release|Any CPU.ActiveCfg = Release|Any CPU
		{2BE8B1DB-ABE3-40F3-92F6-30A8C1BD8191}.Release|Any CPU.Build.0 = Release|Any CPU
		{F462B2A6-6F2A-4555-AAA2-536749DA082B}.Debug|Any CPU.ActiveCfg = Debug|Any CPU
		{F462B2A6-6F2A-4555-AAA2-536749DA082B}.Debug|Any CPU.Build.0 = Debug|Any CPU
		{F462B2A6-6F2A-4555-AAA2-536749DA082B}.Release|Any CPU.ActiveCfg = Release|Any CPU
		{F462B2A6-6F2A-4555-AAA2-536749DA082B}.Release|Any CPU.Build.0 = Release|Any CPU
		{2C3932C8-4663-4A56-A743-7F453A240646}.Debug|Any CPU.ActiveCfg = Debug|Any CPU
		{2C3932C8-4663-4A56-A743-7F453A240646}.Debug|Any CPU.Build.0 = Debug|Any CPU
		{2C3932C8-4663-4A56-A743-7F453A240646}.Release|Any CPU.ActiveCfg = Release|Any CPU
		{2C3932C8-4663-4A56-A743-7F453A240646}.Release|Any CPU.Build.0 = Release|Any CPU
		{EE136F63-A2D4-4C92-8499-4B18FACD480F}.Debug|Any CPU.ActiveCfg = Debug|Any CPU
		{EE136F63-A2D4-4C92-8499-4B18FACD480F}.Debug|Any CPU.Build.0 = Debug|Any CPU
		{EE136F63-A2D4-4C92-8499-4B18FACD480F}.Release|Any CPU.ActiveCfg = Release|Any CPU
		{EE136F63-A2D4-4C92-8499-4B18FACD480F}.Release|Any CPU.Build.0 = Release|Any CPU
		{2ADE8DC1-8F19-402D-84E6-841D588B196F}.Debug|Any CPU.ActiveCfg = Debug|Any CPU
		{2ADE8DC1-8F19-402D-84E6-841D588B196F}.Debug|Any CPU.Build.0 = Debug|Any CPU
		{2ADE8DC1-8F19-402D-84E6-841D588B196F}.Release|Any CPU.ActiveCfg = Release|Any CPU
		{2ADE8DC1-8F19-402D-84E6-841D588B196F}.Release|Any CPU.Build.0 = Release|Any CPU
		{F0B8216C-C2CD-4363-B85E-A32768E3E974}.Debug|Any CPU.ActiveCfg = Debug|Any CPU
		{F0B8216C-C2CD-4363-B85E-A32768E3E974}.Debug|Any CPU.Build.0 = Debug|Any CPU
		{F0B8216C-C2CD-4363-B85E-A32768E3E974}.Release|Any CPU.ActiveCfg = Release|Any CPU
		{F0B8216C-C2CD-4363-B85E-A32768E3E974}.Release|Any CPU.Build.0 = Release|Any CPU
		{A1127E9B-4249-4BCF-8D90-73AF61621494}.Debug|Any CPU.ActiveCfg = Debug|Any CPU
		{A1127E9B-4249-4BCF-8D90-73AF61621494}.Debug|Any CPU.Build.0 = Debug|Any CPU
		{A1127E9B-4249-4BCF-8D90-73AF61621494}.Release|Any CPU.ActiveCfg = Release|Any CPU
		{A1127E9B-4249-4BCF-8D90-73AF61621494}.Release|Any CPU.Build.0 = Release|Any CPU
	EndGlobalSection
	GlobalSection(SolutionProperties) = preSolution
		HideSolutionNode = FALSE
	EndGlobalSection
	GlobalSection(NestedProjects) = preSolution
		{3DB305FB-0818-4FF1-8550-741348459C8F} = {B6095A5E-3FBF-41F4-B9DE-A3DEDA6CFA8E}
		{CAE25291-E920-4744-A535-BA8B805C0994} = {B6095A5E-3FBF-41F4-B9DE-A3DEDA6CFA8E}
		{DA309EB9-B86E-4CF3-A7BD-11FB09C806EE} = {B6095A5E-3FBF-41F4-B9DE-A3DEDA6CFA8E}
		{B86298BD-519C-4A6C-BB2E-6F4BC4E34F78} = {B6095A5E-3FBF-41F4-B9DE-A3DEDA6CFA8E}
		{790E8F5D-1731-470E-A348-091C73EBB8D8} = {9A37733D-1376-4275-90B1-3EC65E7044E6}
		{2BE8B1DB-ABE3-40F3-92F6-30A8C1BD8191} = {D3FE8D87-71CD-4527-8D80-5F11310ABF4C}
		{F462B2A6-6F2A-4555-AAA2-536749DA082B} = {DAABC6A0-D0A5-4719-A8AC-1920803C3DB5}
		{2C3932C8-4663-4A56-A743-7F453A240646} = {DAABC6A0-D0A5-4719-A8AC-1920803C3DB5}
		{EE136F63-A2D4-4C92-8499-4B18FACD480F} = {DAABC6A0-D0A5-4719-A8AC-1920803C3DB5}
		{2ADE8DC1-8F19-402D-84E6-841D588B196F} = {DAABC6A0-D0A5-4719-A8AC-1920803C3DB5}
		{F0B8216C-C2CD-4363-B85E-A32768E3E974} = {062B0B99-FD81-4752-85C7-E6B0CE94D9B3}
		{A1127E9B-4249-4BCF-8D90-73AF61621494} = {D3FE8D87-71CD-4527-8D80-5F11310ABF4C}
	EndGlobalSection
	GlobalSection(ExtensibilityGlobals) = postSolution
		SolutionGuid = {92E4AA54-937F-4D25-ABDA-63ACDCDCA601}
	EndGlobalSection
EndGlobal
